
Microsoft Visual Studio Solution File, Format Version 12.00
# Visual Studio Version 17
VisualStudioVersion = 17.10.35027.167
MinimumVisualStudioVersion = 10.0.40219.1
Project("{FAE04EC0-301F-11D3-BF4B-00C04F79EFBC}") = "WpfRoutedEvent_1", "WpfRoutedEvent_1.csproj", "{9254F1AB-624F-4B69-8F67-A71DE1C961BE}"
EndProject
Global
	GlobalSection(SolutionConfigurationPlatforms) = preSolution
		Debug|Any CPU = Debug|Any CPU
		Release|Any CPU = Release|Any CPU
	EndGlobalSection
	GlobalSection(ProjectConfigurationPlatforms) = postSolution
		{9254F1AB-624F-4B69-8F67-A71DE1C961BE}.Debug|Any CPU.ActiveCfg = Debug|Any CPU
		{9254F1AB-624F-4B69-8F67-A71DE1C961BE}.Debug|Any CPU.Build.0 = Debug|Any CPU
		{9254F1AB-624F-4B69-8F67-A71DE1C961BE}.Release|Any CPU.ActiveCfg = Release|Any CPU
		{9254F1AB-624F-4B69-8F67-A71DE1C961BE}.Release|Any CPU.Build.0 = Release|Any CPU
	EndGlobalSection
	GlobalSection(SolutionProperties) = preSolution
		HideSolutionNode = FALSE
	EndGlobalSection
	GlobalSection(ExtensibilityGlobals) = postSolution
		SolutionGuid = {EA92EC99-DF3B-4FA5-AA87-A22745E3F79D}
	EndGlobalSection
EndGlobal
